
Microsoft Visual Studio Solution File, Format Version 12.00
# Visual Studio Version 17
VisualStudioVersion = 17.14.36109.1 d17.14
MinimumVisualStudioVersion = 10.0.40219.1
Project("{FAE04EC0-301F-11D3-BF4B-00C04F79EFBC}") = "Patients", "Patients.csproj", "{F88F0DB8-A62B-4698-A919-37CF44AD350E}"
EndProject
Global
	GlobalSection(SolutionConfigurationPlatforms) = preSolution
		Debug|Any CPU = Debug|Any CPU
		Release|Any CPU = Release|Any CPU
	EndGlobalSection
	GlobalSection(ProjectConfigurationPlatforms) = postSolution
		{F88F0DB8-A62B-4698-A919-37CF44AD350E}.Debug|Any CPU.ActiveCfg = Debug|Any CPU
		{F88F0DB8-A62B-4698-A919-37CF44AD350E}.Debug|Any CPU.Build.0 = Debug|Any CPU
		{F88F0DB8-A62B-4698-A919-37CF44AD350E}.Release|Any CPU.ActiveCfg = Release|Any CPU
		{F88F0DB8-A62B-4698-A919-37CF44AD350E}.Release|Any CPU.Build.0 = Release|Any CPU
	EndGlobalSection
	GlobalSection(SolutionProperties) = preSolution
		HideSolutionNode = FALSE
	EndGlobalSection
	GlobalSection(ExtensibilityGlobals) = postSolution
		SolutionGuid = {CB8F0FCA-44D5-49EC-976F-532CB39B3324}
	EndGlobalSection
EndGlobal
